{
    "_meta": {
        "hash": {
            "sha256": "2f21deaf71c32fba93054e62fd6ba24f74fc1dc5e0295b539763d9665770ad66"
        },
        "pipfile-spec": 6,
        "requires": {
            "python_version": "3.11"
        },
        "sources": [
            {
                "name": "pypi",
                "url": "https://pypi.org/simple",
                "verify_ssl": true
            }
        ]
    },
    "default": {
        "pymupdf": {
            "hashes": [
                "sha256:01119edb7e4c3dd8c154d237b8ac927bd359eea8d31468f9a89aa308b5bca04e",
                "sha256:017aaba511526facfc928e9d95d2c10d28a2821b05b9039bf422031a7da8584e",
                "sha256:0542178c3a399282903705a8cc298e7f33f4770605e0a9db344aff5d375bcf0b",
                "sha256:17efbbf0e2d99d24cfc302fac512928eb294f10b7b67d597d04dafd012812e4e",
                "sha256:2e74d766f79e41e10c51865233042ab2cc4612ca7942812dca0603f4d0f8f73d",
                "sha256:30c55814bbf6461aef9b34cb524d1d14857d5ec6ccfbb78ecfb1d07dfc40eeb8",
                "sha256:3d0fe749e648f5245059d5f771fb50c1a988a1d2e82268b56377b2176a9fee5d",
                "sha256:3d71c47aa14b73f2df7d03be8c547a05df6c6898d8c63a0f752b26f206eefd3c",
                "sha256:411fc35f6dae16ec940b6b0406e84be6ff29f93b30908ea1427e2a4bd594d4ba",
                "sha256:42f59f4999d7f8b35c850050bd965e98c081a7d9b92d5f9dcf30203b30d06876",
                "sha256:4bcad7ea4b3ab82c46fe8da27ec738d38c213ed9935ef67d98ed09574d9a234e",
                "sha256:4fbc5bfe6ecc53929e3fd0db9846fb7da084ddb4b1fc1063857245fa783974d9",
                "sha256:5ec8d5106752297529d0d68d46cfc4ce99914aabd99be843f1599a1842d63fe9",
                "sha256:640b8e4cb116dd87a3c854e49808a4f63625e663a7bc5b1efc971db5b4775367",
                "sha256:64ae9f81b8fe0a3e6386a24887a92736793479c5918ecac3b7deac2d02abf1f2",
                "sha256:6fe5e44a14864d921fb96669a82f9635846806176f77f1d73c61feb84ebf4d84",
                "sha256:7562436dadf8382e59ac3739fbbf9d5b2d807fafc7f28cb884863430e0de6505",
                "sha256:7b04a83ddcb3f7c935c75a1f7f6050c85fe4062a2ea64c47ee6bda788d037761",
                "sha256:7c8c0f686865e330de90b93d53b100f7f07c2f10f5449ceb721121f459f7cc4a",
                "sha256:87b36e0797ab7fbb7ef594c7a6e0febc7ffb4101a42ea796726a8288391a3769",
                "sha256:9bc9b9bf0f2beea3911750d2d66247608be8cbad33b7a050cacec9e4c105a1ca",
                "sha256:add310c96df6933cfb4ce3821c9c7b5c133e8aa609a4c9416e1c7af546163488",
                "sha256:c2fd70ca9961f7871810dce1b7d0a42a69eb8ff2d786621123952bd505a6867e",
                "sha256:d02ee28663077f15d529b04d27588b174fa937daf73a294df279bbf70c468f5c",
                "sha256:d0c22046e5f2cf0d72f9809a967340db1b238fefe58322896bc7c3f3d1d10b42",
                "sha256:e7734a32a91eea4b502b8f9d2915cdba0a372226e14fb983876d763110dcefef",
                "sha256:efa601dc4116c17a6b09255b031b5a1891e3ac18b50ec536452a725a6b75db8d",
                "sha256:f8ca46a6987e14f58ec8dfda2d2376bacd113c1fec5f58bebf90838bb4408ab9",
                "sha256:fde02fcb387863873b56730f4b9f65515d87c92c12299f0f0a74b3ccdfe35062",
                "sha256:fe8175452fcc99a0af6429d8acd87682a3a70c5879d73532c7327f71ce508a35"
            ],
            "index": "pypi",
            "version": "==1.22.5"
        },
        "pypdf2": {
            "hashes": [
                "sha256:a74408f69ba6271f71b9352ef4ed03dc53a31aa404d29b5d31f53bfecfee1440",
                "sha256:d16e4205cfee272fbdc0568b68d82be796540b1537508cef59388f839c191928"
            ],
            "index": "pypi",
            "version": "==3.0.1"
        }
    },
    "develop": {}
}
